
Microsoft Visual Studio Solution File, Format Version 12.00
# Visual Studio Version 16
VisualStudioVersion = 16.0.30517.126
MinimumVisualStudioVersion = 10.0.40219.1
Project("{FAE04EC0-301F-11D3-BF4B-00C04F79EFBC}") = "Jeefly", "Jeefly.csproj", "{F7CEF37B-2F17-456D-94C6-58815C2F54C0}"
EndProject
Global
	GlobalSection(SolutionConfigurationPlatforms) = preSolution
		Debug|Any CPU = Debug|Any CPU
		Release|Any CPU = Release|Any CPU
	EndGlobalSection
	GlobalSection(ProjectConfigurationPlatforms) = postSolution
		{F7CEF37B-2F17-456D-94C6-58815C2F54C0}.Debug|Any CPU.ActiveCfg = Debug|Any CPU
		{F7CEF37B-2F17-456D-94C6-58815C2F54C0}.Debug|Any CPU.Build.0 = Debug|Any CPU
		{F7CEF37B-2F17-456D-94C6-58815C2F54C0}.Debug|Any CPU.Deploy.0 = Debug|Any CPU
		{F7CEF37B-2F17-456D-94C6-58815C2F54C0}.Release|Any CPU.ActiveCfg = Release|Any CPU
		{F7CEF37B-2F17-456D-94C6-58815C2F54C0}.Release|Any CPU.Build.0 = Release|Any CPU
		{F7CEF37B-2F17-456D-94C6-58815C2F54C0}.Release|Any CPU.Deploy.0 = Release|Any CPU
	EndGlobalSection
	GlobalSection(SolutionProperties) = preSolution
		HideSolutionNode = FALSE
	EndGlobalSection
	GlobalSection(ExtensibilityGlobals) = postSolution
		SolutionGuid = {CD490BB8-6268-468A-9936-52EBC4882B58}
	EndGlobalSection
EndGlobal
